
Microsoft Visual Studio Solution File, Format Version 12.00
# Visual Studio Version 17
VisualStudioVersion = 17.5.002.0
MinimumVisualStudioVersion = 10.0.40219.1
Project("{9A19103F-16F7-4668-BE54-9A1E7A4F7556}") = "ApiAuditoriaBpm", "ApiAuditoriaBpm.csproj", "{BEB9FD69-F6DE-4464-8DC8-CF61FC92750B}"
EndProject
Global
	GlobalSection(SolutionConfigurationPlatforms) = preSolution
		Debug|Any CPU = Debug|Any CPU
		Release|Any CPU = Release|Any CPU
	EndGlobalSection
	GlobalSection(ProjectConfigurationPlatforms) = postSolution
		{BEB9FD69-F6DE-4464-8DC8-CF61FC92750B}.Debug|Any CPU.ActiveCfg = Debug|Any CPU
		{BEB9FD69-F6DE-4464-8DC8-CF61FC92750B}.Debug|Any CPU.Build.0 = Debug|Any CPU
		{BEB9FD69-F6DE-4464-8DC8-CF61FC92750B}.Release|Any CPU.ActiveCfg = Release|Any CPU
		{BEB9FD69-F6DE-4464-8DC8-CF61FC92750B}.Release|Any CPU.Build.0 = Release|Any CPU
	EndGlobalSection
	GlobalSection(SolutionProperties) = preSolution
		HideSolutionNode = FALSE
	EndGlobalSection
	GlobalSection(ExtensibilityGlobals) = postSolution
		SolutionGuid = {239CC7AF-310A-456E-8F7A-C4FC9FF9D18D}
	EndGlobalSection
EndGlobal
